
Microsoft Visual Studio Solution File, Format Version 12.00
# Visual Studio 15
VisualStudioVersion = 15.0.28010.2036
MinimumVisualStudioVersion = 10.0.40219.1
Project("{9A19103F-16F7-4668-BE54-9A1E7A4F7556}") = "01Configuration", "01Configuration\01Configuration.csproj", "{B696994C-D27F-4886-95B0-2E497BD6F070}"
EndProject
Project("{9A19103F-16F7-4668-BE54-9A1E7A4F7556}") = "02JsonConfiguration", "02JsonConfiguration\02JsonConfiguration.csproj", "{C9977396-3E27-415C-9E3B-700A750CE61E}"
EndProject
Project("{2150E333-8FDC-42A3-9474-1A3956D46DE8}") = "Configuration", "Configuration", "{F4B2C957-A4FE-485F-91FC-D79A9BDCA0D5}"
EndProject
Project("{9A19103F-16F7-4668-BE54-9A1E7A4F7556}") = "OptionsBindSampl", "03OptionsBindSampl\OptionsBindSampl.csproj", "{790E6E96-7AE6-4F42-ADCC-EDE01451C004}"
EndProject
Project("{9A19103F-16F7-4668-BE54-9A1E7A4F7556}") = "CustomMiddleware", "CustomMiddleware\CustomMiddleware.csproj", "{C878BF8D-08CE-43AF-9617-AE4B8222E0F4}"
EndProject
Project("{2150E333-8FDC-42A3-9474-1A3956D46DE8}") = "Middleware", "Middleware", "{1827DBED-8E8D-4FC2-B116-6037CB9A238E}"
EndProject
Project("{2150E333-8FDC-42A3-9474-1A3956D46DE8}") = "Auth", "Auth", "{196A625B-B73E-4B59-A32C-E5BC88551C44}"
EndProject
Project("{9A19103F-16F7-4668-BE54-9A1E7A4F7556}") = "MvcCookieAuthSample", "MvcCookieAuthSample\MvcCookieAuthSample.csproj", "{2A360A1C-2EFF-41A6-A4C1-31494F42585F}"
EndProject
Project("{9A19103F-16F7-4668-BE54-9A1E7A4F7556}") = "JwtAuthSample", "JwtAuthSample\JwtAuthSample.csproj", "{9B64527D-A2C7-47F0-8A46-E6E19779C2E5}"
EndProject
Project("{9A19103F-16F7-4668-BE54-9A1E7A4F7556}") = "MvcIdentiyAuthSample", "MvcIdentiyAuthSample\MvcIdentiyAuthSample.csproj", "{86943411-45CD-4DC8-9486-C9A14A0F5355}"
EndProject
Project("{9A19103F-16F7-4668-BE54-9A1E7A4F7556}") = "MvcCookieAuthSample2", "MvcCookieAuthSample2\MvcCookieAuthSample2.csproj", "{E84F548C-B137-46C2-AC70-A06CA9374AFD}"
EndProject
Project("{2150E333-8FDC-42A3-9474-1A3956D46DE8}") = "EFCoreSamples", "EFCoreSamples", "{CD693B43-30A0-4FA9-95FF-D0D188FC8402}"
EndProject
Project("{9A19103F-16F7-4668-BE54-9A1E7A4F7556}") = "EFCoreSample", "EFCoreSample\EFCoreSample.csproj", "{0D699604-DC0B-4972-B869-2D4357EFCF27}"
EndProject
Project("{2150E333-8FDC-42A3-9474-1A3956D46DE8}") = "RedisSamples", "RedisSamples", "{7423F90B-69E6-4071-930E-E6CE475CEE37}"
EndProject
Project("{2150E333-8FDC-42A3-9474-1A3956D46DE8}") = "Mvc", "Mvc", "{FE62C0E6-A7D8-4843-8AD6-29D8CA7C3C23}"
EndProject
Project("{9A19103F-16F7-4668-BE54-9A1E7A4F7556}") = "ActiveControllerFromDI", "ActiveControllerFromDI\ActiveControllerFromDI.csproj", "{C52D3F39-EACC-453B-96F2-7716422E9B17}"
EndProject
Project("{9A19103F-16F7-4668-BE54-9A1E7A4F7556}") = "RedisAsSessionCache", "RedisSamples\RedisAsSessionCache\RedisAsSessionCache.csproj", "{49DFD54D-B5C4-44EA-AFAB-F58252806472}"
EndProject
Project("{9A19103F-16F7-4668-BE54-9A1E7A4F7556}") = "RedisDemo", "RedisSamples\RedisDemo\RedisDemo.csproj", "{CD3ECA08-A1D0-4EF7-B3F5-7C2B32B2A10C}"
EndProject
Project("{FAE04EC0-301F-11D3-BF4B-00C04F79EFBC}") = "EFCoreSample.Migrations", "EFCoreSample.Migrations\EFCoreSample.Migrations.csproj", "{9A5B6EA5-CF4A-4924-8334-B9D4BCD1B58D}"
EndProject
Project("{2150E333-8FDC-42A3-9474-1A3956D46DE8}") = "Log", "Log", "{0BBA680E-9692-4E4A-A903-56AEF9A05451}"
EndProject
Global
	GlobalSection(SolutionConfigurationPlatforms) = preSolution
		Debug|Any CPU = Debug|Any CPU
		Release|Any CPU = Release|Any CPU
	EndGlobalSection
	GlobalSection(ProjectConfigurationPlatforms) = postSolution
		{B696994C-D27F-4886-95B0-2E497BD6F070}.Debug|Any CPU.ActiveCfg = Debug|Any CPU
		{B696994C-D27F-4886-95B0-2E497BD6F070}.Debug|Any CPU.Build.0 = Debug|Any CPU
		{B696994C-D27F-4886-95B0-2E497BD6F070}.Release|Any CPU.ActiveCfg = Release|Any CPU
		{B696994C-D27F-4886-95B0-2E497BD6F070}.Release|Any CPU.Build.0 = Release|Any CPU
		{C9977396-3E27-415C-9E3B-700A750CE61E}.Debug|Any CPU.ActiveCfg = Debug|Any CPU
		{C9977396-3E27-415C-9E3B-700A750CE61E}.Debug|Any CPU.Build.0 = Debug|Any CPU
		{C9977396-3E27-415C-9E3B-700A750CE61E}.Release|Any CPU.ActiveCfg = Release|Any CPU
		{C9977396-3E27-415C-9E3B-700A750CE61E}.Release|Any CPU.Build.0 = Release|Any CPU
		{790E6E96-7AE6-4F42-ADCC-EDE01451C004}.Debug|Any CPU.ActiveCfg = Debug|Any CPU
		{790E6E96-7AE6-4F42-ADCC-EDE01451C004}.Debug|Any CPU.Build.0 = Debug|Any CPU
		{790E6E96-7AE6-4F42-ADCC-EDE01451C004}.Release|Any CPU.ActiveCfg = Release|Any CPU
		{790E6E96-7AE6-4F42-ADCC-EDE01451C004}.Release|Any CPU.Build.0 = Release|Any CPU
		{C878BF8D-08CE-43AF-9617-AE4B8222E0F4}.Debug|Any CPU.ActiveCfg = Debug|Any CPU
		{C878BF8D-08CE-43AF-9617-AE4B8222E0F4}.Debug|Any CPU.Build.0 = Debug|Any CPU
		{C878BF8D-08CE-43AF-9617-AE4B8222E0F4}.Release|Any CPU.ActiveCfg = Release|Any CPU
		{C878BF8D-08CE-43AF-9617-AE4B8222E0F4}.Release|Any CPU.Build.0 = Release|Any CPU
		{2A360A1C-2EFF-41A6-A4C1-31494F42585F}.Debug|Any CPU.ActiveCfg = Debug|Any CPU
		{2A360A1C-2EFF-41A6-A4C1-31494F42585F}.Debug|Any CPU.Build.0 = Debug|Any CPU
		{2A360A1C-2EFF-41A6-A4C1-31494F42585F}.Release|Any CPU.ActiveCfg = Release|Any CPU
		{2A360A1C-2EFF-41A6-A4C1-31494F42585F}.Release|Any CPU.Build.0 = Release|Any CPU
		{9B64527D-A2C7-47F0-8A46-E6E19779C2E5}.Debug|Any CPU.ActiveCfg = Debug|Any CPU
		{9B64527D-A2C7-47F0-8A46-E6E19779C2E5}.Debug|Any CPU.Build.0 = Debug|Any CPU
		{9B64527D-A2C7-47F0-8A46-E6E19779C2E5}.Release|Any CPU.ActiveCfg = Release|Any CPU
		{9B64527D-A2C7-47F0-8A46-E6E19779C2E5}.Release|Any CPU.Build.0 = Release|Any CPU
		{86943411-45CD-4DC8-9486-C9A14A0F5355}.Debug|Any CPU.ActiveCfg = Debug|Any CPU
		{86943411-45CD-4DC8-9486-C9A14A0F5355}.Debug|Any CPU.Build.0 = Debug|Any CPU
		{86943411-45CD-4DC8-9486-C9A14A0F5355}.Release|Any CPU.ActiveCfg = Release|Any CPU
		{86943411-45CD-4DC8-9486-C9A14A0F5355}.Release|Any CPU.Build.0 = Release|Any CPU
		{E84F548C-B137-46C2-AC70-A06CA9374AFD}.Debug|Any CPU.ActiveCfg = Debug|Any CPU
		{E84F548C-B137-46C2-AC70-A06CA9374AFD}.Debug|Any CPU.Build.0 = Debug|Any CPU
		{E84F548C-B137-46C2-AC70-A06CA9374AFD}.Release|Any CPU.ActiveCfg = Release|Any CPU
		{E84F548C-B137-46C2-AC70-A06CA9374AFD}.Release|Any CPU.Build.0 = Release|Any CPU
		{0D699604-DC0B-4972-B869-2D4357EFCF27}.Debug|Any CPU.ActiveCfg = Debug|Any CPU
		{0D699604-DC0B-4972-B869-2D4357EFCF27}.Debug|Any CPU.Build.0 = Debug|Any CPU
		{0D699604-DC0B-4972-B869-2D4357EFCF27}.Release|Any CPU.ActiveCfg = Release|Any CPU
		{0D699604-DC0B-4972-B869-2D4357EFCF27}.Release|Any CPU.Build.0 = Release|Any CPU
		{C52D3F39-EACC-453B-96F2-7716422E9B17}.Debug|Any CPU.ActiveCfg = Debug|Any CPU
		{C52D3F39-EACC-453B-96F2-7716422E9B17}.Debug|Any CPU.Build.0 = Debug|Any CPU
		{C52D3F39-EACC-453B-96F2-7716422E9B17}.Release|Any CPU.ActiveCfg = Release|Any CPU
		{C52D3F39-EACC-453B-96F2-7716422E9B17}.Release|Any CPU.Build.0 = Release|Any CPU
		{49DFD54D-B5C4-44EA-AFAB-F58252806472}.Debug|Any CPU.ActiveCfg = Debug|Any CPU
		{49DFD54D-B5C4-44EA-AFAB-F58252806472}.Debug|Any CPU.Build.0 = Debug|Any CPU
		{49DFD54D-B5C4-44EA-AFAB-F58252806472}.Release|Any CPU.ActiveCfg = Release|Any CPU
		{49DFD54D-B5C4-44EA-AFAB-F58252806472}.Release|Any CPU.Build.0 = Release|Any CPU
		{CD3ECA08-A1D0-4EF7-B3F5-7C2B32B2A10C}.Debug|Any CPU.ActiveCfg = Debug|Any CPU
		{CD3ECA08-A1D0-4EF7-B3F5-7C2B32B2A10C}.Debug|Any CPU.Build.0 = Debug|Any CPU
		{CD3ECA08-A1D0-4EF7-B3F5-7C2B32B2A10C}.Release|Any CPU.ActiveCfg = Release|Any CPU
		{CD3ECA08-A1D0-4EF7-B3F5-7C2B32B2A10C}.Release|Any CPU.Build.0 = Release|Any CPU
		{9A5B6EA5-CF4A-4924-8334-B9D4BCD1B58D}.Debug|Any CPU.ActiveCfg = Debug|Any CPU
		{9A5B6EA5-CF4A-4924-8334-B9D4BCD1B58D}.Debug|Any CPU.Build.0 = Debug|Any CPU
		{9A5B6EA5-CF4A-4924-8334-B9D4BCD1B58D}.Release|Any CPU.ActiveCfg = Release|Any CPU
		{9A5B6EA5-CF4A-4924-8334-B9D4BCD1B58D}.Release|Any CPU.Build.0 = Release|Any CPU
	EndGlobalSection
	GlobalSection(SolutionProperties) = preSolution
		HideSolutionNode = FALSE
	EndGlobalSection
	GlobalSection(NestedProjects) = preSolution
		{B696994C-D27F-4886-95B0-2E497BD6F070} = {F4B2C957-A4FE-485F-91FC-D79A9BDCA0D5}
		{C9977396-3E27-415C-9E3B-700A750CE61E} = {F4B2C957-A4FE-485F-91FC-D79A9BDCA0D5}
		{790E6E96-7AE6-4F42-ADCC-EDE01451C004} = {F4B2C957-A4FE-485F-91FC-D79A9BDCA0D5}
		{C878BF8D-08CE-43AF-9617-AE4B8222E0F4} = {1827DBED-8E8D-4FC2-B116-6037CB9A238E}
		{2A360A1C-2EFF-41A6-A4C1-31494F42585F} = {196A625B-B73E-4B59-A32C-E5BC88551C44}
		{9B64527D-A2C7-47F0-8A46-E6E19779C2E5} = {196A625B-B73E-4B59-A32C-E5BC88551C44}
		{86943411-45CD-4DC8-9486-C9A14A0F5355} = {196A625B-B73E-4B59-A32C-E5BC88551C44}
		{E84F548C-B137-46C2-AC70-A06CA9374AFD} = {196A625B-B73E-4B59-A32C-E5BC88551C44}
		{0D699604-DC0B-4972-B869-2D4357EFCF27} = {CD693B43-30A0-4FA9-95FF-D0D188FC8402}
		{C52D3F39-EACC-453B-96F2-7716422E9B17} = {FE62C0E6-A7D8-4843-8AD6-29D8CA7C3C23}
		{49DFD54D-B5C4-44EA-AFAB-F58252806472} = {7423F90B-69E6-4071-930E-E6CE475CEE37}
		{CD3ECA08-A1D0-4EF7-B3F5-7C2B32B2A10C} = {7423F90B-69E6-4071-930E-E6CE475CEE37}
		{9A5B6EA5-CF4A-4924-8334-B9D4BCD1B58D} = {CD693B43-30A0-4FA9-95FF-D0D188FC8402}
	EndGlobalSection
	GlobalSection(ExtensibilityGlobals) = postSolution
		SolutionGuid = {5598A87B-DCA2-4D09-8CEC-FCD3EB683906}
	EndGlobalSection
EndGlobal
