
Microsoft Visual Studio Solution File, Format Version 15.00
# Visual Studio 2017
Project("{FAE04EC0-301F-11D3-BF4B-00C04F79EFBC}") = "UbuntuDemo", "UbuntuDemo.csproj", "{81480D2B-B4C4-4384-8F33-2A6179C9D702}"
EndProject
Global
	GlobalSection(SolutionConfigurationPlatforms) = preSolution
		Debug|Any CPU = Debug|Any CPU
		Release|Any CPU = Release|Any CPU
	EndGlobalSection
	GlobalSection(ProjectConfigurationPlatforms) = postSolution
		{81480D2B-B4C4-4384-8F33-2A6179C9D702}.Debug|Any CPU.ActiveCfg = Debug|Any CPU
		{81480D2B-B4C4-4384-8F33-2A6179C9D702}.Debug|Any CPU.Build.0 = Debug|Any CPU
		{81480D2B-B4C4-4384-8F33-2A6179C9D702}.Release|Any CPU.ActiveCfg = Release|Any CPU
		{81480D2B-B4C4-4384-8F33-2A6179C9D702}.Release|Any CPU.Build.0 = Release|Any CPU
	EndGlobalSection
EndGlobal
